
Microsoft Visual Studio Solution File, Format Version 12.00
# Visual Studio Version 17
VisualStudioVersion = 17.11.35312.102
MinimumVisualStudioVersion = 10.0.40219.1
Project("{9A19103F-16F7-4668-BE54-9A1E7A4F7556}") = "DesignPatternsCourseWork", "DesignPatternsCourseWork\DesignPatternsCourseWork.csproj", "{72D7B207-AFAC-4BE3-9EAD-FB52A833E75C}"
EndProject
Global
	GlobalSection(SolutionConfigurationPlatforms) = preSolution
		Debug|Any CPU = Debug|Any CPU
		Release|Any CPU = Release|Any CPU
	EndGlobalSection
	GlobalSection(ProjectConfigurationPlatforms) = postSolution
		{72D7B207-AFAC-4BE3-9EAD-FB52A833E75C}.Debug|Any CPU.ActiveCfg = Debug|Any CPU
		{72D7B207-AFAC-4BE3-9EAD-FB52A833E75C}.Debug|Any CPU.Build.0 = Debug|Any CPU
		{72D7B207-AFAC-4BE3-9EAD-FB52A833E75C}.Release|Any CPU.ActiveCfg = Release|Any CPU
		{72D7B207-AFAC-4BE3-9EAD-FB52A833E75C}.Release|Any CPU.Build.0 = Release|Any CPU
	EndGlobalSection
	GlobalSection(SolutionProperties) = preSolution
		HideSolutionNode = FALSE
	EndGlobalSection
	GlobalSection(ExtensibilityGlobals) = postSolution
		SolutionGuid = {F5374FD6-4293-4606-893A-AA26D154F8D5}
	EndGlobalSection
EndGlobal
