
Microsoft Visual Studio Solution File, Format Version 12.00
# Visual Studio Version 17
VisualStudioVersion = 17.11.35312.102
MinimumVisualStudioVersion = 10.0.40219.1
Project("{9A19103F-16F7-4668-BE54-9A1E7A4F7556}") = "CommandSmartHouse", "CommandSmartHouse\CommandSmartHouse.csproj", "{BD0AFD01-66C8-45DE-BAD2-E61D00CF58A3}"
EndProject
Global
	GlobalSection(SolutionConfigurationPlatforms) = preSolution
		Debug|Any CPU = Debug|Any CPU
		Release|Any CPU = Release|Any CPU
	EndGlobalSection
	GlobalSection(ProjectConfigurationPlatforms) = postSolution
		{BD0AFD01-66C8-45DE-BAD2-E61D00CF58A3}.Debug|Any CPU.ActiveCfg = Debug|Any CPU
		{BD0AFD01-66C8-45DE-BAD2-E61D00CF58A3}.Debug|Any CPU.Build.0 = Debug|Any CPU
		{BD0AFD01-66C8-45DE-BAD2-E61D00CF58A3}.Release|Any CPU.ActiveCfg = Release|Any CPU
		{BD0AFD01-66C8-45DE-BAD2-E61D00CF58A3}.Release|Any CPU.Build.0 = Release|Any CPU
	EndGlobalSection
	GlobalSection(SolutionProperties) = preSolution
		HideSolutionNode = FALSE
	EndGlobalSection
	GlobalSection(ExtensibilityGlobals) = postSolution
		SolutionGuid = {AE38591E-EFBE-48DC-8D31-F95462861E9E}
	EndGlobalSection
EndGlobal
