
Microsoft Visual Studio Solution File, Format Version 12.00
# Visual Studio Version 17
VisualStudioVersion = 17.11.35312.102
MinimumVisualStudioVersion = 10.0.40219.1
Project("{FAE04EC0-301F-11D3-BF4B-00C04F79EFBC}") = "FlyweightGame", "FlyweightGame\FlyweightGame.csproj", "{DB46E1D1-0036-4651-BEEF-F4AB7F019BC9}"
EndProject
Global
	GlobalSection(SolutionConfigurationPlatforms) = preSolution
		Debug|Any CPU = Debug|Any CPU
		Release|Any CPU = Release|Any CPU
	EndGlobalSection
	GlobalSection(ProjectConfigurationPlatforms) = postSolution
		{DB46E1D1-0036-4651-BEEF-F4AB7F019BC9}.Debug|Any CPU.ActiveCfg = Debug|Any CPU
		{DB46E1D1-0036-4651-BEEF-F4AB7F019BC9}.Debug|Any CPU.Build.0 = Debug|Any CPU
		{DB46E1D1-0036-4651-BEEF-F4AB7F019BC9}.Release|Any CPU.ActiveCfg = Release|Any CPU
		{DB46E1D1-0036-4651-BEEF-F4AB7F019BC9}.Release|Any CPU.Build.0 = Release|Any CPU
	EndGlobalSection
	GlobalSection(SolutionProperties) = preSolution
		HideSolutionNode = FALSE
	EndGlobalSection
	GlobalSection(ExtensibilityGlobals) = postSolution
		SolutionGuid = {CCCC8625-64DA-49CD-A557-B1BB5637DD83}
	EndGlobalSection
EndGlobal
