
Microsoft Visual Studio Solution File, Format Version 12.00
# Visual Studio Version 17
VisualStudioVersion = 17.11.35312.102
MinimumVisualStudioVersion = 10.0.40219.1
Project("{FAE04EC0-301F-11D3-BF4B-00C04F79EFBC}") = "Builder", "Builder\Builder.csproj", "{9C8A9EBC-4141-4473-9AA9-42F0085BE40A}"
EndProject
Global
	GlobalSection(SolutionConfigurationPlatforms) = preSolution
		Debug|Any CPU = Debug|Any CPU
		Release|Any CPU = Release|Any CPU
	EndGlobalSection
	GlobalSection(ProjectConfigurationPlatforms) = postSolution
		{9C8A9EBC-4141-4473-9AA9-42F0085BE40A}.Debug|Any CPU.ActiveCfg = Debug|Any CPU
		{9C8A9EBC-4141-4473-9AA9-42F0085BE40A}.Debug|Any CPU.Build.0 = Debug|Any CPU
		{9C8A9EBC-4141-4473-9AA9-42F0085BE40A}.Release|Any CPU.ActiveCfg = Release|Any CPU
		{9C8A9EBC-4141-4473-9AA9-42F0085BE40A}.Release|Any CPU.Build.0 = Release|Any CPU
	EndGlobalSection
	GlobalSection(SolutionProperties) = preSolution
		HideSolutionNode = FALSE
	EndGlobalSection
	GlobalSection(ExtensibilityGlobals) = postSolution
		SolutionGuid = {9130FA8F-912C-4249-BAB3-8691F416E4BE}
	EndGlobalSection
EndGlobal
